// !$*UTF8*$!
{
	archiveVersion = 1;
	classes = {
	};
	objectVersion = 52;
	objects = {

/* Begin PBXBuildFile section */
		83003CEC2646651C00694E2A /* ActivityIndicator.swift in Sources */ = {isa = PBXBuildFile; fileRef = 83003CEB2646651C00694E2A /* ActivityIndicator.swift */; };
		83136F742647DE5C00F6C791 /* PullToRefresh.swift in Sources */ = {isa = PBXBuildFile; fileRef = 83136F732647DE5C00F6C791 /* PullToRefresh.swift */; };
		832F7FFF2648341E00211125 /* Core in Frameworks */ = {isa = PBXBuildFile; productRef = 832F7FFE2648341E00211125 /* Core */; };
		833796C2264836B200DB9337 /* Article in Frameworks */ = {isa = PBXBuildFile; productRef = 833796C1264836B200DB9337 /* Article */; };
		835B5362264824210028EF72 /* DetailView.swift in Sources */ = {isa = PBXBuildFile; fileRef = 835B5361264824210028EF72 /* DetailView.swift */; };
		83892C882648273700FEBB75 /* ArticlesRouter.swift in Sources */ = {isa = PBXBuildFile; fileRef = 83892C872648273700FEBB75 /* ArticlesRouter.swift */; };
		83DC2FED264524570081EA22 /* AppDelegate.swift in Sources */ = {isa = PBXBuildFile; fileRef = 83DC2FEC264524570081EA22 /* AppDelegate.swift */; };
		83DC2FEF264524570081EA22 /* SceneDelegate.swift in Sources */ = {isa = PBXBuildFile; fileRef = 83DC2FEE264524570081EA22 /* SceneDelegate.swift */; };
		83DC2FF1264524570081EA22 /* ContentView.swift in Sources */ = {isa = PBXBuildFile; fileRef = 83DC2FF0264524570081EA22 /* ContentView.swift */; };
		83DC2FF32645245A0081EA22 /* Assets.xcassets in Resources */ = {isa = PBXBuildFile; fileRef = 83DC2FF22645245A0081EA22 /* Assets.xcassets */; };
		83DC2FF62645245A0081EA22 /* Preview Assets.xcassets in Resources */ = {isa = PBXBuildFile; fileRef = 83DC2FF52645245A0081EA22 /* Preview Assets.xcassets */; };
		83DC2FF92645245A0081EA22 /* LaunchScreen.storyboard in Resources */ = {isa = PBXBuildFile; fileRef = 83DC2FF72645245A0081EA22 /* LaunchScreen.storyboard */; };
		83DC301D2645407D0081EA22 /* ArticleRow.swift in Sources */ = {isa = PBXBuildFile; fileRef = 83DC301C2645407D0081EA22 /* ArticleRow.swift */; };
		83DC3021264540B80081EA22 /* ArticlesView.swift in Sources */ = {isa = PBXBuildFile; fileRef = 83DC3020264540B80081EA22 /* ArticlesView.swift */; };
		83DC3025264541960081EA22 /* Injection.swift in Sources */ = {isa = PBXBuildFile; fileRef = 83DC3024264541960081EA22 /* Injection.swift */; };
		83DC302A2645422B0081EA22 /* NewsApi.swift in Sources */ = {isa = PBXBuildFile; fileRef = 83DC30292645422B0081EA22 /* NewsApi.swift */; };
/* End PBXBuildFile section */

/* Begin PBXFileReference section */
		83003CEB2646651C00694E2A /* ActivityIndicator.swift */ = {isa = PBXFileReference; lastKnownFileType = sourcecode.swift; path = ActivityIndicator.swift; sourceTree = "<group>"; };
		83136F732647DE5C00F6C791 /* PullToRefresh.swift */ = {isa = PBXFileReference; lastKnownFileType = sourcecode.swift; path = PullToRefresh.swift; sourceTree = "<group>"; };
		835B5361264824210028EF72 /* DetailView.swift */ = {isa = PBXFileReference; lastKnownFileType = sourcecode.swift; path = DetailView.swift; sourceTree = "<group>"; };
		83892C872648273700FEBB75 /* ArticlesRouter.swift */ = {isa = PBXFileReference; lastKnownFileType = sourcecode.swift; path = ArticlesRouter.swift; sourceTree = "<group>"; };
		83DC2FE9264524570081EA22 /* News App Modular.app */ = {isa = PBXFileReference; explicitFileType = wrapper.application; includeInIndex = 0; path = "News App Modular.app"; sourceTree = BUILT_PRODUCTS_DIR; };
		83DC2FEC264524570081EA22 /* AppDelegate.swift */ = {isa = PBXFileReference; lastKnownFileType = sourcecode.swift; path = AppDelegate.swift; sourceTree = "<group>"; };
		83DC2FEE264524570081EA22 /* SceneDelegate.swift */ = {isa = PBXFileReference; lastKnownFileType = sourcecode.swift; path = SceneDelegate.swift; sourceTree = "<group>"; };
		83DC2FF0264524570081EA22 /* ContentView.swift */ = {isa = PBXFileReference; lastKnownFileType = sourcecode.swift; path = ContentView.swift; sourceTree = "<group>"; };
		83DC2FF22645245A0081EA22 /* Assets.xcassets */ = {isa = PBXFileReference; lastKnownFileType = folder.assetcatalog; path = Assets.xcassets; sourceTree = "<group>"; };
		83DC2FF52645245A0081EA22 /* Preview Assets.xcassets */ = {isa = PBXFileReference; lastKnownFileType = folder.assetcatalog; path = "Preview Assets.xcassets"; sourceTree = "<group>"; };
		83DC2FF82645245A0081EA22 /* Base */ = {isa = PBXFileReference; lastKnownFileType = file.storyboard; name = Base; path = Base.lproj/LaunchScreen.storyboard; sourceTree = "<group>"; };
		83DC2FFA2645245A0081EA22 /* Info.plist */ = {isa = PBXFileReference; lastKnownFileType = text.plist.xml; path = Info.plist; sourceTree = "<group>"; };
		83DC301C2645407D0081EA22 /* ArticleRow.swift */ = {isa = PBXFileReference; lastKnownFileType = sourcecode.swift; path = ArticleRow.swift; sourceTree = "<group>"; };
		83DC3020264540B80081EA22 /* ArticlesView.swift */ = {isa = PBXFileReference; lastKnownFileType = sourcecode.swift; path = ArticlesView.swift; sourceTree = "<group>"; };
		83DC3024264541960081EA22 /* Injection.swift */ = {isa = PBXFileReference; lastKnownFileType = sourcecode.swift; path = Injection.swift; sourceTree = "<group>"; };
		83DC30292645422B0081EA22 /* NewsApi.swift */ = {isa = PBXFileReference; lastKnownFileType = sourcecode.swift; path = NewsApi.swift; sourceTree = "<group>"; };
		83F0E7C62645476F00CA3AEC /* Article */ = {isa = PBXFileReference; lastKnownFileType = folder; name = Article; path = Module/Article; sourceTree = "<group>"; };
/* End PBXFileReference section */

/* Begin PBXFrameworksBuildPhase section */
		83DC2FE6264524570081EA22 /* Frameworks */ = {
			isa = PBXFrameworksBuildPhase;
			buildActionMask = 2147483647;
			files = (
				832F7FFF2648341E00211125 /* Core in Frameworks */,
				833796C2264836B200DB9337 /* Article in Frameworks */,
			);
			runOnlyForDeploymentPostprocessing = 0;
		};
/* End PBXFrameworksBuildPhase section */

/* Begin PBXGroup section */
		83003CEA2646650E00694E2A /* Views */ = {
			isa = PBXGroup;
			children = (
				83003CEB2646651C00694E2A /* ActivityIndicator.swift */,
				83136F732647DE5C00F6C791 /* PullToRefresh.swift */,
			);
			path = Views;
			sourceTree = "<group>";
		};
		835B5360264823630028EF72 /* Detail */ = {
			isa = PBXGroup;
			children = (
				835B5361264824210028EF72 /* DetailView.swift */,
			);
			path = Detail;
			sourceTree = "<group>";
		};
		83DC2FE0264524570081EA22 = {
			isa = PBXGroup;
			children = (
				83F0E7C62645476F00CA3AEC /* Article */,
				83DC2FEB264524570081EA22 /* News App Modular */,
				83DC2FEA264524570081EA22 /* Products */,
				83F0E7CB26457B5F00CA3AEC /* Frameworks */,
			);
			sourceTree = "<group>";
		};
		83DC2FEA264524570081EA22 /* Products */ = {
			isa = PBXGroup;
			children = (
				83DC2FE9264524570081EA22 /* News App Modular.app */,
			);
			name = Products;
			sourceTree = "<group>";
		};
		83DC2FEB264524570081EA22 /* News App Modular */ = {
			isa = PBXGroup;
			children = (
				83DC3004264525670081EA22 /* App */,
				83DC3006264527080081EA22 /* Core */,
				83DC3007264527700081EA22 /* Module */,
				83DC3005264525900081EA22 /* Supporting Files */,
				83DC2FF42645245A0081EA22 /* Preview Content */,
			);
			path = "News App Modular";
			sourceTree = "<group>";
		};
		83DC2FF42645245A0081EA22 /* Preview Content */ = {
			isa = PBXGroup;
			children = (
				83DC2FF52645245A0081EA22 /* Preview Assets.xcassets */,
			);
			path = "Preview Content";
			sourceTree = "<group>";
		};
		83DC3004264525670081EA22 /* App */ = {
			isa = PBXGroup;
			children = (
				83DC2FEC264524570081EA22 /* AppDelegate.swift */,
				83DC2FEE264524570081EA22 /* SceneDelegate.swift */,
				83DC2FF0264524570081EA22 /* ContentView.swift */,
			);
			path = App;
			sourceTree = "<group>";
		};
		83DC3005264525900081EA22 /* Supporting Files */ = {
			isa = PBXGroup;
			children = (
				83DC2FF22645245A0081EA22 /* Assets.xcassets */,
				83DC2FF72645245A0081EA22 /* LaunchScreen.storyboard */,
				83DC2FFA2645245A0081EA22 /* Info.plist */,
			);
			path = "Supporting Files";
			sourceTree = "<group>";
		};
		83DC3006264527080081EA22 /* Core */ = {
			isa = PBXGroup;
			children = (
				83DC3027264541FE0081EA22 /* Utils */,
				83DC3023264541850081EA22 /* DI */,
			);
			path = Core;
			sourceTree = "<group>";
		};
		83DC3007264527700081EA22 /* Module */ = {
			isa = PBXGroup;
			children = (
				83DC3018264537950081EA22 /* Article */,
			);
			path = Module;
			sourceTree = "<group>";
		};
		83DC3018264537950081EA22 /* Article */ = {
			isa = PBXGroup;
			children = (
				83DC301B264540620081EA22 /* Router */,
				83DC301A2645405A0081EA22 /* View */,
			);
			path = Article;
			sourceTree = "<group>";
		};
		83DC301A2645405A0081EA22 /* View */ = {
			isa = PBXGroup;
			children = (
				835B5360264823630028EF72 /* Detail */,
				83DC301C2645407D0081EA22 /* ArticleRow.swift */,
				83DC3020264540B80081EA22 /* ArticlesView.swift */,
			);
			path = View;
			sourceTree = "<group>";
		};
		83DC301B264540620081EA22 /* Router */ = {
			isa = PBXGroup;
			children = (
				83892C872648273700FEBB75 /* ArticlesRouter.swift */,
			);
			path = Router;
			sourceTree = "<group>";
		};
		83DC3023264541850081EA22 /* DI */ = {
			isa = PBXGroup;
			children = (
				83DC3024264541960081EA22 /* Injection.swift */,
			);
			path = DI;
			sourceTree = "<group>";
		};
		83DC3027264541FE0081EA22 /* Utils */ = {
			isa = PBXGroup;
			children = (
				83003CEA2646650E00694E2A /* Views */,
				83DC3028264542080081EA22 /* Network */,
			);
			path = Utils;
			sourceTree = "<group>";
		};
		83DC3028264542080081EA22 /* Network */ = {
			isa = PBXGroup;
			children = (
				83DC30292645422B0081EA22 /* NewsApi.swift */,
			);
			path = Network;
			sourceTree = "<group>";
		};
		83F0E7CB26457B5F00CA3AEC /* Frameworks */ = {
			isa = PBXGroup;
			children = (
			);
			name = Frameworks;
			sourceTree = "<group>";
		};
/* End PBXGroup section */

/* Begin PBXNativeTarget section */
		83DC2FE8264524570081EA22 /* News App Modular */ = {
			isa = PBXNativeTarget;
			buildConfigurationList = 83DC2FFD2645245A0081EA22 /* Build configuration list for PBXNativeTarget "News App Modular" */;
			buildPhases = (
				83DC2FE5264524570081EA22 /* Sources */,
				83DC2FE6264524570081EA22 /* Frameworks */,
				83DC2FE7264524570081EA22 /* Resources */,
			);
			buildRules = (
			);
			dependencies = (
			);
			name = "News App Modular";
			packageProductDependencies = (
				832F7FFE2648341E00211125 /* Core */,
				833796C1264836B200DB9337 /* Article */,
			);
			productName = "News App Modular";
			productReference = 83DC2FE9264524570081EA22 /* News App Modular.app */;
			productType = "com.apple.product-type.application";
		};
/* End PBXNativeTarget section */

/* Begin PBXProject section */
		83DC2FE1264524570081EA22 /* Project object */ = {
			isa = PBXProject;
			attributes = {
				LastSwiftUpdateCheck = 1230;
				LastUpgradeCheck = 1230;
				TargetAttributes = {
					83DC2FE8264524570081EA22 = {
						CreatedOnToolsVersion = 12.3;
					};
				};
			};
			buildConfigurationList = 83DC2FE4264524570081EA22 /* Build configuration list for PBXProject "News App Modular" */;
			compatibilityVersion = "Xcode 9.3";
			developmentRegion = en;
			hasScannedForEncodings = 0;
			knownRegions = (
				en,
				Base,
			);
			mainGroup = 83DC2FE0264524570081EA22;
			packageReferences = (
				832F7FFD2648341E00211125 /* XCRemoteSwiftPackageReference "ios-starter" */,
			);
			productRefGroup = 83DC2FEA264524570081EA22 /* Products */;
			projectDirPath = "";
			projectRoot = "";
			targets = (
				83DC2FE8264524570081EA22 /* News App Modular */,
			);
		};
/* End PBXProject section */

/* Begin PBXResourcesBuildPhase section */
		83DC2FE7264524570081EA22 /* Resources */ = {
			isa = PBXResourcesBuildPhase;
			buildActionMask = 2147483647;
			files = (
				83DC2FF92645245A0081EA22 /* LaunchScreen.storyboard in Resources */,
				83DC2FF62645245A0081EA22 /* Preview Assets.xcassets in Resources */,
				83DC2FF32645245A0081EA22 /* Assets.xcassets in Resources */,
			);
			runOnlyForDeploymentPostprocessing = 0;
		};
/* End PBXResourcesBuildPhase section */

/* Begin PBXSourcesBuildPhase section */
		83DC2FE5264524570081EA22 /* Sources */ = {
			isa = PBXSourcesBuildPhase;
			buildActionMask = 2147483647;
			files = (
				83DC2FED264524570081EA22 /* AppDelegate.swift in Sources */,
				83DC2FEF264524570081EA22 /* SceneDelegate.swift in Sources */,
				83892C882648273700FEBB75 /* ArticlesRouter.swift in Sources */,
				83DC3021264540B80081EA22 /* ArticlesView.swift in Sources */,
				835B5362264824210028EF72 /* DetailView.swift in Sources */,
				83DC3025264541960081EA22 /* Injection.swift in Sources */,
				83136F742647DE5C00F6C791 /* PullToRefresh.swift in Sources */,
				83003CEC2646651C00694E2A /* ActivityIndicator.swift in Sources */,
				83DC2FF1264524570081EA22 /* ContentView.swift in Sources */,
				83DC301D2645407D0081EA22 /* ArticleRow.swift in Sources */,
				83DC302A2645422B0081EA22 /* NewsApi.swift in Sources */,
			);
			runOnlyForDeploymentPostprocessing = 0;
		};
/* End PBXSourcesBuildPhase section */

/* Begin PBXVariantGroup section */
		83DC2FF72645245A0081EA22 /* LaunchScreen.storyboard */ = {
			isa = PBXVariantGroup;
			children = (
				83DC2FF82645245A0081EA22 /* Base */,
			);
			name = LaunchScreen.storyboard;
			sourceTree = "<group>";
		};
/* End PBXVariantGroup section */

/* Begin XCBuildConfiguration section */
		83DC2FFB2645245A0081EA22 /* Debug */ = {
			isa = XCBuildConfiguration;
			buildSettings = {
				ALWAYS_SEARCH_USER_PATHS = NO;
				CLANG_ANALYZER_NONNULL = YES;
				CLANG_ANALYZER_NUMBER_OBJECT_CONVERSION = YES_AGGRESSIVE;
				CLANG_CXX_LANGUAGE_STANDARD = "gnu++14";
				CLANG_CXX_LIBRARY = "libc++";
				CLANG_ENABLE_MODULES = YES;
				CLANG_ENABLE_OBJC_ARC = YES;
				CLANG_ENABLE_OBJC_WEAK = YES;
				CLANG_WARN_BLOCK_CAPTURE_AUTORELEASING = YES;
				CLANG_WARN_BOOL_CONVERSION = YES;
				CLANG_WARN_COMMA = YES;
				CLANG_WARN_CONSTANT_CONVERSION = YES;
				CLANG_WARN_DEPRECATED_OBJC_IMPLEMENTATIONS = YES;
				CLANG_WARN_DIRECT_OBJC_ISA_USAGE = YES_ERROR;
				CLANG_WARN_DOCUMENTATION_COMMENTS = YES;
				CLANG_WARN_EMPTY_BODY = YES;
				CLANG_WARN_ENUM_CONVERSION = YES;
				CLANG_WARN_INFINITE_RECURSION = YES;
				CLANG_WARN_INT_CONVERSION = YES;
				CLANG_WARN_NON_LITERAL_NULL_CONVERSION = YES;
				CLANG_WARN_OBJC_IMPLICIT_RETAIN_SELF = YES;
				CLANG_WARN_OBJC_LITERAL_CONVERSION = YES;
				CLANG_WARN_OBJC_ROOT_CLASS = YES_ERROR;
				CLANG_WARN_QUOTED_INCLUDE_IN_FRAMEWORK_HEADER = YES;
				CLANG_WARN_RANGE_LOOP_ANALYSIS = YES;
				CLANG_WARN_STRICT_PROTOTYPES = YES;
				CLANG_WARN_SUSPICIOUS_MOVE = YES;
				CLANG_WARN_UNGUARDED_AVAILABILITY = YES_AGGRESSIVE;
				CLANG_WARN_UNREACHABLE_CODE = YES;
				CLANG_WARN__DUPLICATE_METHOD_MATCH = YES;
				COPY_PHASE_STRIP = NO;
				DEBUG_INFORMATION_FORMAT = dwarf;
				ENABLE_STRICT_OBJC_MSGSEND = YES;
				ENABLE_TESTABILITY = YES;
				GCC_C_LANGUAGE_STANDARD = gnu11;
				GCC_DYNAMIC_NO_PIC = NO;
				GCC_NO_COMMON_BLOCKS = YES;
				GCC_OPTIMIZATION_LEVEL = 0;
				GCC_PREPROCESSOR_DEFINITIONS = (
					"DEBUG=1",
					"$(inherited)",
				);
				GCC_WARN_64_TO_32_BIT_CONVERSION = YES;
				GCC_WARN_ABOUT_RETURN_TYPE = YES_ERROR;
				GCC_WARN_UNDECLARED_SELECTOR = YES;
				GCC_WARN_UNINITIALIZED_AUTOS = YES_AGGRESSIVE;
				GCC_WARN_UNUSED_FUNCTION = YES;
				GCC_WARN_UNUSED_VARIABLE = YES;
				IPHONEOS_DEPLOYMENT_TARGET = 14.3;
				MTL_ENABLE_DEBUG_INFO = INCLUDE_SOURCE;
				MTL_FAST_MATH = YES;
				ONLY_ACTIVE_ARCH = YES;
				SDKROOT = iphoneos;
				SWIFT_ACTIVE_COMPILATION_CONDITIONS = DEBUG;
				SWIFT_OPTIMIZATION_LEVEL = "-Onone";
			};
			name = Debug;
		};
		83DC2FFC2645245A0081EA22 /* Release */ = {
			isa = XCBuildConfiguration;
			buildSettings = {
				ALWAYS_SEARCH_USER_PATHS = NO;
				CLANG_ANALYZER_NONNULL = YES;
				CLANG_ANALYZER_NUMBER_OBJECT_CONVERSION = YES_AGGRESSIVE;
				CLANG_CXX_LANGUAGE_STANDARD = "gnu++14";
				CLANG_CXX_LIBRARY = "libc++";
				CLANG_ENABLE_MODULES = YES;
				CLANG_ENABLE_OBJC_ARC = YES;
				CLANG_ENABLE_OBJC_WEAK = YES;
				CLANG_WARN_BLOCK_CAPTURE_AUTORELEASING = YES;
				CLANG_WARN_BOOL_CONVERSION = YES;
				CLANG_WARN_COMMA = YES;
				CLANG_WARN_CONSTANT_CONVERSION = YES;
				CLANG_WARN_DEPRECATED_OBJC_IMPLEMENTATIONS = YES;
				CLANG_WARN_DIRECT_OBJC_ISA_USAGE = YES_ERROR;
				CLANG_WARN_DOCUMENTATION_COMMENTS = YES;
				CLANG_WARN_EMPTY_BODY = YES;
				CLANG_WARN_ENUM_CONVERSION = YES;
				CLANG_WARN_INFINITE_RECURSION = YES;
				CLANG_WARN_INT_CONVERSION = YES;
				CLANG_WARN_NON_LITERAL_NULL_CONVERSION = YES;
				CLANG_WARN_OBJC_IMPLICIT_RETAIN_SELF = YES;
				CLANG_WARN_OBJC_LITERAL_CONVERSION = YES;
				CLANG_WARN_OBJC_ROOT_CLASS = YES_ERROR;
				CLANG_WARN_QUOTED_INCLUDE_IN_FRAMEWORK_HEADER = YES;
				CLANG_WARN_RANGE_LOOP_ANALYSIS = YES;
				CLANG_WARN_STRICT_PROTOTYPES = YES;
				CLANG_WARN_SUSPICIOUS_MOVE = YES;
				CLANG_WARN_UNGUARDED_AVAILABILITY = YES_AGGRESSIVE;
				CLANG_WARN_UNREACHABLE_CODE = YES;
				CLANG_WARN__DUPLICATE_METHOD_MATCH = YES;
				COPY_PHASE_STRIP = NO;
				DEBUG_INFORMATION_FORMAT = "dwarf-with-dsym";
				ENABLE_NS_ASSERTIONS = NO;
				ENABLE_STRICT_OBJC_MSGSEND = YES;
				GCC_C_LANGUAGE_STANDARD = gnu11;
				GCC_NO_COMMON_BLOCKS = YES;
				GCC_WARN_64_TO_32_BIT_CONVERSION = YES;
				GCC_WARN_ABOUT_RETURN_TYPE = YES_ERROR;
				GCC_WARN_UNDECLARED_SELECTOR = YES;
				GCC_WARN_UNINITIALIZED_AUTOS = YES_AGGRESSIVE;
				GCC_WARN_UNUSED_FUNCTION = YES;
				GCC_WARN_UNUSED_VARIABLE = YES;
				IPHONEOS_DEPLOYMENT_TARGET = 14.3;
				MTL_ENABLE_DEBUG_INFO = NO;
				MTL_FAST_MATH = YES;
				SDKROOT = iphoneos;
				SWIFT_COMPILATION_MODE = wholemodule;
				SWIFT_OPTIMIZATION_LEVEL = "-O";
				VALIDATE_PRODUCT = YES;
			};
			name = Release;
		};
		83DC2FFE2645245A0081EA22 /* Debug */ = {
			isa = XCBuildConfiguration;
			buildSettings = {
				ASSETCATALOG_COMPILER_APPICON_NAME = AppIcon;
				ASSETCATALOG_COMPILER_GLOBAL_ACCENT_COLOR_NAME = AccentColor;
				CODE_SIGN_STYLE = Automatic;
				DEVELOPMENT_ASSET_PATHS = "\"News App Modular/Preview Content\"";
				DEVELOPMENT_TEAM = UPCX9GY2XM;
				ENABLE_PREVIEWS = YES;
				INFOPLIST_FILE = "News App Modular/Supporting Files/Info.plist";
				LD_RUNPATH_SEARCH_PATHS = (
					"$(inherited)",
					"@executable_path/Frameworks",
				);
				PRODUCT_BUNDLE_IDENTIFIER = "com.ssm.News-App-Modular";
				PRODUCT_NAME = "$(TARGET_NAME)";
				SWIFT_VERSION = 5.0;
				TARGETED_DEVICE_FAMILY = "1,2";
			};
			name = Debug;
		};
		83DC2FFF2645245A0081EA22 /* Release */ = {
			isa = XCBuildConfiguration;
			buildSettings = {
				ASSETCATALOG_COMPILER_APPICON_NAME = AppIcon;
				ASSETCATALOG_COMPILER_GLOBAL_ACCENT_COLOR_NAME = AccentColor;
				CODE_SIGN_STYLE = Automatic;
				DEVELOPMENT_ASSET_PATHS = "\"News App Modular/Preview Content\"";
				DEVELOPMENT_TEAM = UPCX9GY2XM;
				ENABLE_PREVIEWS = YES;
				INFOPLIST_FILE = "News App Modular/Supporting Files/Info.plist";
				LD_RUNPATH_SEARCH_PATHS = (
					"$(inherited)",
					"@executable_path/Frameworks",
				);
				PRODUCT_BUNDLE_IDENTIFIER = "com.ssm.News-App-Modular";
				PRODUCT_NAME = "$(TARGET_NAME)";
				SWIFT_VERSION = 5.0;
				TARGETED_DEVICE_FAMILY = "1,2";
			};
			name = Release;
		};
/* End XCBuildConfiguration section */

/* Begin XCConfigurationList section */
		83DC2FE4264524570081EA22 /* Build configuration list for PBXProject "News App Modular" */ = {
			isa = XCConfigurationList;
			buildConfigurations = (
				83DC2FFB2645245A0081EA22 /* Debug */,
				83DC2FFC2645245A0081EA22 /* Release */,
			);
			defaultConfigurationIsVisible = 0;
			defaultConfigurationName = Release;
		};
		83DC2FFD2645245A0081EA22 /* Build configuration list for PBXNativeTarget "News App Modular" */ = {
			isa = XCConfigurationList;
			buildConfigurations = (
				83DC2FFE2645245A0081EA22 /* Debug */,
				83DC2FFF2645245A0081EA22 /* Release */,
			);
			defaultConfigurationIsVisible = 0;
			defaultConfigurationName = Release;
		};
/* End XCConfigurationList section */

/* Begin XCRemoteSwiftPackageReference section */
		832F7FFD2648341E00211125 /* XCRemoteSwiftPackageReference "ios-starter" */ = {
			isa = XCRemoteSwiftPackageReference;
			repositoryURL = "https://github.com/wanharaderta/ios-starter.git";
			requirement = {
				kind = upToNextMajorVersion;
				minimumVersion = 1.0.7;
			};
		};
/* End XCRemoteSwiftPackageReference section */

/* Begin XCSwiftPackageProductDependency section */
		832F7FFE2648341E00211125 /* Core */ = {
			isa = XCSwiftPackageProductDependency;
			package = 832F7FFD2648341E00211125 /* XCRemoteSwiftPackageReference "ios-starter" */;
			productName = Core;
		};
		833796C1264836B200DB9337 /* Article */ = {
			isa = XCSwiftPackageProductDependency;
			productName = Article;
		};
/* End XCSwiftPackageProductDependency section */
	};
	rootObject = 83DC2FE1264524570081EA22 /* Project object */;
}
